
Microsoft Visual Studio Solution File, Format Version 11.00
# Visual C# Express 2010
Project("{FAE04EC0-301F-11D3-BF4B-00C04F79EFBC}") = "RTSGame", "RTSGame\RTSGame.csproj", "{1A720A0F-FB95-4B09-8A3C-59BA8BC63447}"
	ProjectSection(ProjectDependencies) = postProject
		{28292778-5EDC-4898-8E0C-9E32412174CD} = {28292778-5EDC-4898-8E0C-9E32412174CD}
		{79AEFEF0-5165-4B43-BD2E-9F925A198C96} = {79AEFEF0-5165-4B43-BD2E-9F925A198C96}
	EndProjectSection
EndProject
Project("{FAE04EC0-301F-11D3-BF4B-00C04F79EFBC}") = "BandWidthTest", "BandWidthTest\BandWidthTest.csproj", "{4C209330-B4AF-4A62-A53F-5E2E8951844A}"
EndProject
Project("{FAE04EC0-301F-11D3-BF4B-00C04F79EFBC}") = "AnimConverter", "AnimConverter\AnimConverter.csproj", "{5429567D-B73B-465B-BA02-7741AEBA52BC}"
	ProjectSection(ProjectDependencies) = postProject
		{28292778-5EDC-4898-8E0C-9E32412174CD} = {28292778-5EDC-4898-8E0C-9E32412174CD}
		{79AEFEF0-5165-4B43-BD2E-9F925A198C96} = {79AEFEF0-5165-4B43-BD2E-9F925A198C96}
	EndProjectSection
EndProject
Project("{FAE04EC0-301F-11D3-BF4B-00C04F79EFBC}") = "BlisterUI", "BlisterUI\BlisterUI.csproj", "{28292778-5EDC-4898-8E0C-9E32412174CD}"
EndProject
Project("{FAE04EC0-301F-11D3-BF4B-00C04F79EFBC}") = "RTSEngine", "RTSEngine\RTSEngine.csproj", "{79AEFEF0-5165-4B43-BD2E-9F925A198C96}"
EndProject
Global
	GlobalSection(SolutionConfigurationPlatforms) = preSolution
		Debug|x86 = Debug|x86
		Release|x86 = Release|x86
	EndGlobalSection
	GlobalSection(ProjectConfigurationPlatforms) = postSolution
		{1A720A0F-FB95-4B09-8A3C-59BA8BC63447}.Debug|x86.ActiveCfg = Debug|x86
		{1A720A0F-FB95-4B09-8A3C-59BA8BC63447}.Debug|x86.Build.0 = Debug|x86
		{1A720A0F-FB95-4B09-8A3C-59BA8BC63447}.Release|x86.ActiveCfg = Release|x86
		{1A720A0F-FB95-4B09-8A3C-59BA8BC63447}.Release|x86.Build.0 = Release|x86
		{4C209330-B4AF-4A62-A53F-5E2E8951844A}.Debug|x86.ActiveCfg = Debug|x86
		{4C209330-B4AF-4A62-A53F-5E2E8951844A}.Debug|x86.Build.0 = Debug|x86
		{4C209330-B4AF-4A62-A53F-5E2E8951844A}.Release|x86.ActiveCfg = Release|x86
		{4C209330-B4AF-4A62-A53F-5E2E8951844A}.Release|x86.Build.0 = Release|x86
		{5429567D-B73B-465B-BA02-7741AEBA52BC}.Debug|x86.ActiveCfg = Debug|x86
		{5429567D-B73B-465B-BA02-7741AEBA52BC}.Debug|x86.Build.0 = Debug|x86
		{5429567D-B73B-465B-BA02-7741AEBA52BC}.Release|x86.ActiveCfg = Release|x86
		{5429567D-B73B-465B-BA02-7741AEBA52BC}.Release|x86.Build.0 = Release|x86
		{28292778-5EDC-4898-8E0C-9E32412174CD}.Debug|x86.ActiveCfg = Debug|x86
		{28292778-5EDC-4898-8E0C-9E32412174CD}.Debug|x86.Build.0 = Debug|x86
		{28292778-5EDC-4898-8E0C-9E32412174CD}.Release|x86.ActiveCfg = Release|x86
		{28292778-5EDC-4898-8E0C-9E32412174CD}.Release|x86.Build.0 = Release|x86
		{79AEFEF0-5165-4B43-BD2E-9F925A198C96}.Debug|x86.ActiveCfg = Debug|x86
		{79AEFEF0-5165-4B43-BD2E-9F925A198C96}.Debug|x86.Build.0 = Debug|x86
		{79AEFEF0-5165-4B43-BD2E-9F925A198C96}.Release|x86.ActiveCfg = Release|x86
		{79AEFEF0-5165-4B43-BD2E-9F925A198C96}.Release|x86.Build.0 = Release|x86
	EndGlobalSection
	GlobalSection(SolutionProperties) = preSolution
		HideSolutionNode = FALSE
	EndGlobalSection
EndGlobal
